
Microsoft Visual Studio Solution File, Format Version 12.00
# Visual Studio 15
VisualStudioVersion = 15.0.28307.421
MinimumVisualStudioVersion = 10.0.40219.1
Project("{FAE04EC0-301F-11D3-BF4B-00C04F79EFBC}") = "RSSCacheSaver3", "RSSCacheSaver3\RSSCacheSaver3.csproj", "{DA4BBFEF-DD66-471F-A2B1-5CD9D19EF56E}"
EndProject
Project("{FAE04EC0-301F-11D3-BF4B-00C04F79EFBC}") = "Database", "Database\Database.csproj", "{517C1FAF-DF2B-44CE-B2B0-68F42031653C}"
EndProject
Project("{FAE04EC0-301F-11D3-BF4B-00C04F79EFBC}") = "Queue", "Queue\Queue.csproj", "{2F5B39DB-AA1B-4B14-978B-5AEB10A74BA9}"
EndProject
Project("{FAE04EC0-301F-11D3-BF4B-00C04F79EFBC}") = "Model", "Model\Model.csproj", "{C0B41A7A-FA6C-4502-8FEE-E75A57A605EA}"
EndProject
Global
	GlobalSection(SolutionConfigurationPlatforms) = preSolution
		Debug|Any CPU = Debug|Any CPU
		Release|Any CPU = Release|Any CPU
	EndGlobalSection
	GlobalSection(ProjectConfigurationPlatforms) = postSolution
		{DA4BBFEF-DD66-471F-A2B1-5CD9D19EF56E}.Debug|Any CPU.ActiveCfg = Debug|Any CPU
		{DA4BBFEF-DD66-471F-A2B1-5CD9D19EF56E}.Debug|Any CPU.Build.0 = Debug|Any CPU
		{DA4BBFEF-DD66-471F-A2B1-5CD9D19EF56E}.Release|Any CPU.ActiveCfg = Release|Any CPU
		{DA4BBFEF-DD66-471F-A2B1-5CD9D19EF56E}.Release|Any CPU.Build.0 = Release|Any CPU
		{517C1FAF-DF2B-44CE-B2B0-68F42031653C}.Debug|Any CPU.ActiveCfg = Debug|Any CPU
		{517C1FAF-DF2B-44CE-B2B0-68F42031653C}.Debug|Any CPU.Build.0 = Debug|Any CPU
		{517C1FAF-DF2B-44CE-B2B0-68F42031653C}.Release|Any CPU.ActiveCfg = Release|Any CPU
		{517C1FAF-DF2B-44CE-B2B0-68F42031653C}.Release|Any CPU.Build.0 = Release|Any CPU
		{2F5B39DB-AA1B-4B14-978B-5AEB10A74BA9}.Debug|Any CPU.ActiveCfg = Debug|Any CPU
		{2F5B39DB-AA1B-4B14-978B-5AEB10A74BA9}.Debug|Any CPU.Build.0 = Debug|Any CPU
		{2F5B39DB-AA1B-4B14-978B-5AEB10A74BA9}.Release|Any CPU.ActiveCfg = Release|Any CPU
		{2F5B39DB-AA1B-4B14-978B-5AEB10A74BA9}.Release|Any CPU.Build.0 = Release|Any CPU
		{C0B41A7A-FA6C-4502-8FEE-E75A57A605EA}.Debug|Any CPU.ActiveCfg = Debug|Any CPU
		{C0B41A7A-FA6C-4502-8FEE-E75A57A605EA}.Debug|Any CPU.Build.0 = Debug|Any CPU
		{C0B41A7A-FA6C-4502-8FEE-E75A57A605EA}.Release|Any CPU.ActiveCfg = Release|Any CPU
		{C0B41A7A-FA6C-4502-8FEE-E75A57A605EA}.Release|Any CPU.Build.0 = Release|Any CPU
	EndGlobalSection
	GlobalSection(SolutionProperties) = preSolution
		HideSolutionNode = FALSE
	EndGlobalSection
	GlobalSection(ExtensibilityGlobals) = postSolution
		SolutionGuid = {45977F2D-E072-48DB-8FC4-98C00EE5A0C9}
	EndGlobalSection
EndGlobal
